
Microsoft Visual Studio Solution File, Format Version 12.00
Project("{FAE04EC0-301F-11D3-BF4B-00C04F79EFBC}") = "BigDataIndexing.WebApi", "BigDataIndexing.WebApi\BigDataIndexing.WebApi.csproj", "{FC6441AE-3664-4CB4-8E8E-5B0DA8A95411}"
EndProject
Global
	GlobalSection(SolutionConfigurationPlatforms) = preSolution
		Debug|Any CPU = Debug|Any CPU
		Release|Any CPU = Release|Any CPU
	EndGlobalSection
	GlobalSection(ProjectConfigurationPlatforms) = postSolution
		{FC6441AE-3664-4CB4-8E8E-5B0DA8A95411}.Debug|Any CPU.ActiveCfg = Debug|Any CPU
		{FC6441AE-3664-4CB4-8E8E-5B0DA8A95411}.Debug|Any CPU.Build.0 = Debug|Any CPU
		{FC6441AE-3664-4CB4-8E8E-5B0DA8A95411}.Release|Any CPU.ActiveCfg = Release|Any CPU
		{FC6441AE-3664-4CB4-8E8E-5B0DA8A95411}.Release|Any CPU.Build.0 = Release|Any CPU
	EndGlobalSection
EndGlobal
